{
  "name": "@swiftmessage/common",
  "version": "1.0.0",
  "lockfileVersion": 2,
  "requires": true,
  "packages": {
    "": {
      "name": "@swiftmessage/common",
      "version": "1.0.0",
      "license": "ISC",
      "dependencies": {
        "packet-system": "^1.0.5",
        "typescript": "^4.7.3"
      }
    },
    "node_modules/packet-system": {
      "version": "1.0.5",
      "resolved": "https://registry.npmjs.org/packet-system/-/packet-system-1.0.5.tgz",
      "integrity": "sha512-rjOV7peOS8o/CTBLQaa80rMD5t9jpgN8OSj3SYupfxYnIHh/H3yNtWX/NtrGuNHK9pjHzPSUB10TszzI5K1Jng==",
      "engines": {
        "node": ">=10"
      }
    },
    "node_modules/typescript": {
      "version": "4.7.3",
      "resolved": "https://registry.npmjs.org/typescript/-/typescript-4.7.3.tgz",
      "integrity": "sha512-WOkT3XYvrpXx4vMMqlD+8R8R37fZkjyLGlxavMc4iB8lrl8L0DeTcHbYgw/v0N/z9wAFsgBhcsF0ruoySS22mA==",
      "bin": {
        "tsc": "bin/tsc",
        "tsserver": "bin/tsserver"
      },
      "engines": {
        "node": ">=4.2.0"
      }
    }
  },
  "dependencies": {
    "packet-system": {
      "version": "1.0.5",
      "resolved": "https://registry.npmjs.org/packet-system/-/packet-system-1.0.5.tgz",
      "integrity": "sha512-rjOV7peOS8o/CTBLQaa80rMD5t9jpgN8OSj3SYupfxYnIHh/H3yNtWX/NtrGuNHK9pjHzPSUB10TszzI5K1Jng=="
    },
    "typescript": {
      "version": "4.7.3",
      "resolved": "https://registry.npmjs.org/typescript/-/typescript-4.7.3.tgz",
      "integrity": "sha512-WOkT3XYvrpXx4vMMqlD+8R8R37fZkjyLGlxavMc4iB8lrl8L0DeTcHbYgw/v0N/z9wAFsgBhcsF0ruoySS22mA=="
    }
  }
}
